Microsoft Visual Studio Solution File, Format Version 12.00
# Visual Studio Version 17
VisualStudioVersion = 17.5.2.0
MinimumVisualStudioVersion = 10.0.40219.1
Project("{FAE04EC0-301F-11D3-BF4B-00C04F79EFBC}") = "Lektion3-Billed", "Lektion3-Billed.csproj", "{3E1B073F-7D52-45B6-991C-674EB16C5458}"
EndProject
Global
	GlobalSection(SolutionConfigurationPlatforms) = preSolution
		Debug|Any CPU = Debug|Any CPU
		Release|Any CPU = Release|Any CPU
	EndGlobalSection
	GlobalSection(ProjectConfigurationPlatforms) = postSolution
		{3E1B073F-7D52-45B6-991C-674EB16C5458}.Debug|Any CPU.ActiveCfg = Debug|Any CPU
		{3E1B073F-7D52-45B6-991C-674EB16C5458}.Debug|Any CPU.Build.0 = Debug|Any CPU
		{3E1B073F-7D52-45B6-991C-674EB16C5458}.Release|Any CPU.ActiveCfg = Release|Any CPU
		{3E1B073F-7D52-45B6-991C-674EB16C5458}.Release|Any CPU.Build.0 = Release|Any CPU
	EndGlobalSection
	GlobalSection(SolutionProperties) = preSolution
		HideSolutionNode = FALSE
	EndGlobalSection
	GlobalSection(ExtensibilityGlobals) = postSolution
		SolutionGuid = {FDB5EB14-F8F6-4005-908B-5D7429E1FC92}
	EndGlobalSection
EndGlobal
